// !$*UTF8*$!
{
	archiveVersion = 1;
	classes = {
	};
	objectVersion = 50;
	objects = {

/* Begin PBXBuildFile section */
		57E9669A2350F5E400DF32E8 /* AppDelegate.swift in Sources */ = {isa = PBXBuildFile; fileRef = 57E966992350F5E400DF32E8 /* AppDelegate.swift */; };
		57E9669C2350F5E400DF32E8 /* SceneDelegate.swift in Sources */ = {isa = PBXBuildFile; fileRef = 57E9669B2350F5E400DF32E8 /* SceneDelegate.swift */; };
		57E9669F2350F5E400DF32E8 /* Calculato.xcdatamodeld in Sources */ = {isa = PBXBuildFile; fileRef = 57E9669D2350F5E400DF32E8 /* Calculato.xcdatamodeld */; };
		57E966A12350F5E400DF32E8 /* ContentView.swift in Sources */ = {isa = PBXBuildFile; fileRef = 57E966A02350F5E400DF32E8 /* ContentView.swift */; };
		57E966A32350F5E700DF32E8 /* Assets.xcassets in Resources */ = {isa = PBXBuildFile; fileRef = 57E966A22350F5E700DF32E8 /* Assets.xcassets */; };
		57E966A62350F5E700DF32E8 /* Preview Assets.xcassets in Resources */ = {isa = PBXBuildFile; fileRef = 57E966A52350F5E700DF32E8 /* Preview Assets.xcassets */; };
		57E966A92350F5E700DF32E8 /* LaunchScreen.storyboard in Resources */ = {isa = PBXBuildFile; fileRef = 57E966A72350F5E700DF32E8 /* LaunchScreen.storyboard */; };
		57E966B42350F5E700DF32E8 /* CalculatoTests.swift in Sources */ = {isa = PBXBuildFile; fileRef = 57E966B32350F5E700DF32E8 /* CalculatoTests.swift */; };
		57E966BF2350F5E700DF32E8 /* CalculatoUITests.swift in Sources */ = {isa = PBXBuildFile; fileRef = 57E966BE2350F5E700DF32E8 /* CalculatoUITests.swift */; };
/* End PBXBuildFile section */

/* Begin PBXContainerItemProxy section */
		57E966B02350F5E700DF32E8 /* PBXContainerItemProxy */ = {
			isa = PBXContainerItemProxy;
			containerPortal = 57E9668E2350F5E400DF32E8 /* Project object */;
			proxyType = 1;
			remoteGlobalIDString = 57E966952350F5E400DF32E8;
			remoteInfo = Calculato;
		};
		57E966BB2350F5E700DF32E8 /* PBXContainerItemProxy */ = {
			isa = PBXContainerItemProxy;
			containerPortal = 57E9668E2350F5E400DF32E8 /* Project object */;
			proxyType = 1;
			remoteGlobalIDString = 57E966952350F5E400DF32E8;
			remoteInfo = Calculato;
		};
/* End PBXContainerItemProxy section */

/* Begin PBXFileReference section */
		57E966962350F5E400DF32E8 /* Calculator.app */ = {isa = PBXFileReference; explicitFileType = wrapper.application; includeInIndex = 0; path = Calculator.app; sourceTree = BUILT_PRODUCTS_DIR; };
		57E966992350F5E400DF32E8 /* AppDelegate.swift */ = {isa = PBXFileReference; lastKnownFileType = sourcecode.swift; path = AppDelegate.swift; sourceTree = "<group>"; };
		57E9669B2350F5E400DF32E8 /* SceneDelegate.swift */ = {isa = PBXFileReference; lastKnownFileType = sourcecode.swift; path = SceneDelegate.swift; sourceTree = "<group>"; };
		57E9669E2350F5E400DF32E8 /* Calculato.xcdatamodel */ = {isa = PBXFileReference; lastKnownFileType = wrapper.xcdatamodel; path = Calculato.xcdatamodel; sourceTree = "<group>"; };
		57E966A02350F5E400DF32E8 /* ContentView.swift */ = {isa = PBXFileReference; lastKnownFileType = sourcecode.swift; path = ContentView.swift; sourceTree = "<group>"; };
		57E966A22350F5E700DF32E8 /* Assets.xcassets */ = {isa = PBXFileReference; lastKnownFileType = folder.assetcatalog; path = Assets.xcassets; sourceTree = "<group>"; };
		57E966A52350F5E700DF32E8 /* Preview Assets.xcassets */ = {isa = PBXFileReference; lastKnownFileType = folder.assetcatalog; path = "Preview Assets.xcassets"; sourceTree = "<group>"; };
		57E966A82350F5E700DF32E8 /* Base */ = {isa = PBXFileReference; lastKnownFileType = file.storyboard; name = Base; path = Base.lproj/LaunchScreen.storyboard; sourceTree = "<group>"; };
		57E966AA2350F5E700DF32E8 /* Info.plist */ = {isa = PBXFileReference; lastKnownFileType = text.plist.xml; path = Info.plist; sourceTree = "<group>"; };
		57E966AF2350F5E700DF32E8 /* CalculatoTests.xctest */ = {isa = PBXFileReference; explicitFileType = wrapper.cfbundle; includeInIndex = 0; path = CalculatoTests.xctest; sourceTree = BUILT_PRODUCTS_DIR; };
		57E966B32350F5E700DF32E8 /* CalculatoTests.swift */ = {isa = PBXFileReference; lastKnownFileType = sourcecode.swift; path = CalculatoTests.swift; sourceTree = "<group>"; };
		57E966B52350F5E700DF32E8 /* Info.plist */ = {isa = PBXFileReference; lastKnownFileType = text.plist.xml; path = Info.plist; sourceTree = "<group>"; };
		57E966BA2350F5E700DF32E8 /* CalculatoUITests.xctest */ = {isa = PBXFileReference; explicitFileType = wrapper.cfbundle; includeInIndex = 0; path = CalculatoUITests.xctest; sourceTree = BUILT_PRODUCTS_DIR; };
		57E966BE2350F5E700DF32E8 /* CalculatoUITests.swift */ = {isa = PBXFileReference; lastKnownFileType = sourcecode.swift; path = CalculatoUITests.swift; sourceTree = "<group>"; };
		57E966C02350F5E700DF32E8 /* Info.plist */ = {isa = PBXFileReference; lastKnownFileType = text.plist.xml; path = Info.plist; sourceTree = "<group>"; };
/* End PBXFileReference section */

/* Begin PBXFrameworksBuildPhase section */
		57E966932350F5E400DF32E8 /* Frameworks */ = {
			isa = PBXFrameworksBuildPhase;
			buildActionMask = 2147483647;
			files = (
			);
			runOnlyForDeploymentPostprocessing = 0;
		};
		57E966AC2350F5E700DF32E8 /* Frameworks */ = {
			isa = PBXFrameworksBuildPhase;
			buildActionMask = 2147483647;
			files = (
			);
			runOnlyForDeploymentPostprocessing = 0;
		};
		57E966B72350F5E700DF32E8 /* Frameworks */ = {
			isa = PBXFrameworksBuildPhase;
			buildActionMask = 2147483647;
			files = (
			);
			runOnlyForDeploymentPostprocessing = 0;
		};
/* End PBXFrameworksBuildPhase section */

/* Begin PBXGroup section */
		57E9668D2350F5E400DF32E8 = {
			isa = PBXGroup;
			children = (
				57E966982350F5E400DF32E8 /* Calculato */,
				57E966B22350F5E700DF32E8 /* CalculatoTests */,
				57E966BD2350F5E700DF32E8 /* CalculatoUITests */,
				57E966972350F5E400DF32E8 /* Products */,
			);
			sourceTree = "<group>";
		};
		57E966972350F5E400DF32E8 /* Products */ = {
			isa = PBXGroup;
			children = (
				57E966962350F5E400DF32E8 /* Calculator.app */,
				57E966AF2350F5E700DF32E8 /* CalculatoTests.xctest */,
				57E966BA2350F5E700DF32E8 /* CalculatoUITests.xctest */,
			);
			name = Products;
			sourceTree = "<group>";
		};
		57E966982350F5E400DF32E8 /* Calculato */ = {
			isa = PBXGroup;
			children = (
				57E966992350F5E400DF32E8 /* AppDelegate.swift */,
				57E9669B2350F5E400DF32E8 /* SceneDelegate.swift */,
				57E966A02350F5E400DF32E8 /* ContentView.swift */,
				57E966A22350F5E700DF32E8 /* Assets.xcassets */,
				57E966A72350F5E700DF32E8 /* LaunchScreen.storyboard */,
				57E966AA2350F5E700DF32E8 /* Info.plist */,
				57E9669D2350F5E400DF32E8 /* Calculato.xcdatamodeld */,
				57E966A42350F5E700DF32E8 /* Preview Content */,
			);
			path = Calculato;
			sourceTree = "<group>";
		};
		57E966A42350F5E700DF32E8 /* Preview Content */ = {
			isa = PBXGroup;
			children = (
				57E966A52350F5E700DF32E8 /* Preview Assets.xcassets */,
			);
			path = "Preview Content";
			sourceTree = "<group>";
		};
		57E966B22350F5E700DF32E8 /* CalculatoTests */ = {
			isa = PBXGroup;
			children = (
				57E966B32350F5E700DF32E8 /* CalculatoTests.swift */,
				57E966B52350F5E700DF32E8 /* Info.plist */,
			);
			path = CalculatoTests;
			sourceTree = "<group>";
		};
		57E966BD2350F5E700DF32E8 /* CalculatoUITests */ = {
			isa = PBXGroup;
			children = (
				57E966BE2350F5E700DF32E8 /* CalculatoUITests.swift */,
				57E966C02350F5E700DF32E8 /* Info.plist */,
			);
			path = CalculatoUITests;
			sourceTree = "<group>";
		};
/* End PBXGroup section */

/* Begin PBXNativeTarget section */
		57E966952350F5E400DF32E8 /* Calculato */ = {
			isa = PBXNativeTarget;
			buildConfigurationList = 57E966C32350F5E700DF32E8 /* Build configuration list for PBXNativeTarget "Calculato" */;
			buildPhases = (
				57E966922350F5E400DF32E8 /* Sources */,
				57E966932350F5E400DF32E8 /* Frameworks */,
				57E966942350F5E400DF32E8 /* Resources */,
			);
			buildRules = (
			);
			dependencies = (
			);
			name = Calculato;
			productName = Calculato;
			productReference = 57E966962350F5E400DF32E8 /* Calculator.app */;
			productType = "com.apple.product-type.application";
		};
		57E966AE2350F5E700DF32E8 /* CalculatoTests */ = {
			isa = PBXNativeTarget;
			buildConfigurationList = 57E966C62350F5E700DF32E8 /* Build configuration list for PBXNativeTarget "CalculatoTests" */;
			buildPhases = (
				57E966AB2350F5E700DF32E8 /* Sources */,
				57E966AC2350F5E700DF32E8 /* Frameworks */,
				57E966AD2350F5E700DF32E8 /* Resources */,
			);
			buildRules = (
			);
			dependencies = (
				57E966B12350F5E700DF32E8 /* PBXTargetDependency */,
			);
			name = CalculatoTests;
			productName = CalculatoTests;
			productReference = 57E966AF2350F5E700DF32E8 /* CalculatoTests.xctest */;
			productType = "com.apple.product-type.bundle.unit-test";
		};
		57E966B92350F5E700DF32E8 /* CalculatoUITests */ = {
			isa = PBXNativeTarget;
			buildConfigurationList = 57E966C92350F5E700DF32E8 /* Build configuration list for PBXNativeTarget "CalculatoUITests" */;
			buildPhases = (
				57E966B62350F5E700DF32E8 /* Sources */,
				57E966B72350F5E700DF32E8 /* Frameworks */,
				57E966B82350F5E700DF32E8 /* Resources */,
			);
			buildRules = (
			);
			dependencies = (
				57E966BC2350F5E700DF32E8 /* PBXTargetDependency */,
			);
			name = CalculatoUITests;
			productName = CalculatoUITests;
			productReference = 57E966BA2350F5E700DF32E8 /* CalculatoUITests.xctest */;
			productType = "com.apple.product-type.bundle.ui-testing";
		};
/* End PBXNativeTarget section */

/* Begin PBXProject section */
		57E9668E2350F5E400DF32E8 /* Project object */ = {
			isa = PBXProject;
			attributes = {
				LastSwiftUpdateCheck = 1110;
				LastUpgradeCheck = 1110;
				ORGANIZATIONNAME = "Coding Blocks";
				TargetAttributes = {
					57E966952350F5E400DF32E8 = {
						CreatedOnToolsVersion = 11.1;
					};
					57E966AE2350F5E700DF32E8 = {
						CreatedOnToolsVersion = 11.1;
						TestTargetID = 57E966952350F5E400DF32E8;
					};
					57E966B92350F5E700DF32E8 = {
						CreatedOnToolsVersion = 11.1;
						TestTargetID = 57E966952350F5E400DF32E8;
					};
				};
			};
			buildConfigurationList = 57E966912350F5E400DF32E8 /* Build configuration list for PBXProject "Calculato" */;
			compatibilityVersion = "Xcode 9.3";
			developmentRegion = en;
			hasScannedForEncodings = 0;
			knownRegions = (
				en,
				Base,
			);
			mainGroup = 57E9668D2350F5E400DF32E8;
			productRefGroup = 57E966972350F5E400DF32E8 /* Products */;
			projectDirPath = "";
			projectRoot = "";
			targets = (
				57E966952350F5E400DF32E8 /* Calculato */,
				57E966AE2350F5E700DF32E8 /* CalculatoTests */,
				57E966B92350F5E700DF32E8 /* CalculatoUITests */,
			);
		};
/* End PBXProject section */

/* Begin PBXResourcesBuildPhase section */
		57E966942350F5E400DF32E8 /* Resources */ = {
			isa = PBXResourcesBuildPhase;
			buildActionMask = 2147483647;
			files = (
				57E966A92350F5E700DF32E8 /* LaunchScreen.storyboard in Resources */,
				57E966A62350F5E700DF32E8 /* Preview Assets.xcassets in Resources */,
				57E966A32350F5E700DF32E8 /* Assets.xcassets in Resources */,
			);
			runOnlyForDeploymentPostprocessing = 0;
		};
		57E966AD2350F5E700DF32E8 /* Resources */ = {
			isa = PBXResourcesBuildPhase;
			buildActionMask = 2147483647;
			files = (
			);
			runOnlyForDeploymentPostprocessing = 0;
		};
		57E966B82350F5E700DF32E8 /* Resources */ = {
			isa = PBXResourcesBuildPhase;
			buildActionMask = 2147483647;
			files = (
			);
			runOnlyForDeploymentPostprocessing = 0;
		};
/* End PBXResourcesBuildPhase section */

/* Begin PBXSourcesBuildPhase section */
		57E966922350F5E400DF32E8 /* Sources */ = {
			isa = PBXSourcesBuildPhase;
			buildActionMask = 2147483647;
			files = (
				57E9669A2350F5E400DF32E8 /* AppDelegate.swift in Sources */,
				57E9669C2350F5E400DF32E8 /* SceneDelegate.swift in Sources */,
				57E966A12350F5E400DF32E8 /* ContentView.swift in Sources */,
				57E9669F2350F5E400DF32E8 /* Calculato.xcdatamodeld in Sources */,
			);
			runOnlyForDeploymentPostprocessing = 0;
		};
		57E966AB2350F5E700DF32E8 /* Sources */ = {
			isa = PBXSourcesBuildPhase;
			buildActionMask = 2147483647;
			files = (
				57E966B42350F5E700DF32E8 /* CalculatoTests.swift in Sources */,
			);
			runOnlyForDeploymentPostprocessing = 0;
		};
		57E966B62350F5E700DF32E8 /* Sources */ = {
			isa = PBXSourcesBuildPhase;
			buildActionMask = 2147483647;
			files = (
				57E966BF2350F5E700DF32E8 /* CalculatoUITests.swift in Sources */,
			);
			runOnlyForDeploymentPostprocessing = 0;
		};
/* End PBXSourcesBuildPhase section */

/* Begin PBXTargetDependency section */
		57E966B12350F5E700DF32E8 /* PBXTargetDependency */ = {
			isa = PBXTargetDependency;
			target = 57E966952350F5E400DF32E8 /* Calculato */;
			targetProxy = 57E966B02350F5E700DF32E8 /* PBXContainerItemProxy */;
		};
		57E966BC2350F5E700DF32E8 /* PBXTargetDependency */ = {
			isa = PBXTargetDependency;
			target = 57E966952350F5E400DF32E8 /* Calculato */;
			targetProxy = 57E966BB2350F5E700DF32E8 /* PBXContainerItemProxy */;
		};
/* End PBXTargetDependency section */

/* Begin PBXVariantGroup section */
		57E966A72350F5E700DF32E8 /* LaunchScreen.storyboard */ = {
			isa = PBXVariantGroup;
			children = (
				57E966A82350F5E700DF32E8 /* Base */,
			);
			name = LaunchScreen.storyboard;
			sourceTree = "<group>";
		};
/* End PBXVariantGroup section */

/* Begin XCBuildConfiguration section */
		57E966C12350F5E700DF32E8 /* Debug */ = {
			isa = XCBuildConfiguration;
			buildSettings = {
				ALWAYS_SEARCH_USER_PATHS = NO;
				CLANG_ANALYZER_NONNULL = YES;
				CLANG_ANALYZER_NUMBER_OBJECT_CONVERSION = YES_AGGRESSIVE;
				CLANG_CXX_LANGUAGE_STANDARD = "gnu++14";
				CLANG_CXX_LIBRARY = "libc++";
				CLANG_ENABLE_MODULES = YES;
				CLANG_ENABLE_OBJC_ARC = YES;
				CLANG_ENABLE_OBJC_WEAK = YES;
				CLANG_WARN_BLOCK_CAPTURE_AUTORELEASING = YES;
				CLANG_WARN_BOOL_CONVERSION = YES;
				CLANG_WARN_COMMA = YES;
				CLANG_WARN_CONSTANT_CONVERSION = YES;
				CLANG_WARN_DEPRECATED_OBJC_IMPLEMENTATIONS = YES;
				CLANG_WARN_DIRECT_OBJC_ISA_USAGE = YES_ERROR;
				CLANG_WARN_DOCUMENTATION_COMMENTS = YES;
				CLANG_WARN_EMPTY_BODY = YES;
				CLANG_WARN_ENUM_CONVERSION = YES;
				CLANG_WARN_INFINITE_RECURSION = YES;
				CLANG_WARN_INT_CONVERSION = YES;
				CLANG_WARN_NON_LITERAL_NULL_CONVERSION = YES;
				CLANG_WARN_OBJC_IMPLICIT_RETAIN_SELF = YES;
				CLANG_WARN_OBJC_LITERAL_CONVERSION = YES;
				CLANG_WARN_OBJC_ROOT_CLASS = YES_ERROR;
				CLANG_WARN_RANGE_LOOP_ANALYSIS = YES;
				CLANG_WARN_STRICT_PROTOTYPES = YES;
				CLANG_WARN_SUSPICIOUS_MOVE = YES;
				CLANG_WARN_UNGUARDED_AVAILABILITY = YES_AGGRESSIVE;
				CLANG_WARN_UNREACHABLE_CODE = YES;
				CLANG_WARN__DUPLICATE_METHOD_MATCH = YES;
				COPY_PHASE_STRIP = NO;
				DEBUG_INFORMATION_FORMAT = dwarf;
				ENABLE_STRICT_OBJC_MSGSEND = YES;
				ENABLE_TESTABILITY = YES;
				GCC_C_LANGUAGE_STANDARD = gnu11;
				GCC_DYNAMIC_NO_PIC = NO;
				GCC_NO_COMMON_BLOCKS = YES;
				GCC_OPTIMIZATION_LEVEL = 0;
				GCC_PREPROCESSOR_DEFINITIONS = (
					"DEBUG=1",
					"$(inherited)",
				);
				GCC_WARN_64_TO_32_BIT_CONVERSION = YES;
				GCC_WARN_ABOUT_RETURN_TYPE = YES_ERROR;
				GCC_WARN_UNDECLARED_SELECTOR = YES;
				GCC_WARN_UNINITIALIZED_AUTOS = YES_AGGRESSIVE;
				GCC_WARN_UNUSED_FUNCTION = YES;
				GCC_WARN_UNUSED_VARIABLE = YES;
				IPHONEOS_DEPLOYMENT_TARGET = 13.1;
				MTL_ENABLE_DEBUG_INFO = INCLUDE_SOURCE;
				MTL_FAST_MATH = YES;
				ONLY_ACTIVE_ARCH = YES;
				SDKROOT = iphoneos;
				SWIFT_ACTIVE_COMPILATION_CONDITIONS = DEBUG;
				SWIFT_OPTIMIZATION_LEVEL = "-Onone";
			};
			name = Debug;
		};
		57E966C22350F5E700DF32E8 /* Release */ = {
			isa = XCBuildConfiguration;
			buildSettings = {
				ALWAYS_SEARCH_USER_PATHS = NO;
				CLANG_ANALYZER_NONNULL = YES;
				CLANG_ANALYZER_NUMBER_OBJECT_CONVERSION = YES_AGGRESSIVE;
				CLANG_CXX_LANGUAGE_STANDARD = "gnu++14";
				CLANG_CXX_LIBRARY = "libc++";
				CLANG_ENABLE_MODULES = YES;
				CLANG_ENABLE_OBJC_ARC = YES;
				CLANG_ENABLE_OBJC_WEAK = YES;
				CLANG_WARN_BLOCK_CAPTURE_AUTORELEASING = YES;
				CLANG_WARN_BOOL_CONVERSION = YES;
				CLANG_WARN_COMMA = YES;
				CLANG_WARN_CONSTANT_CONVERSION = YES;
				CLANG_WARN_DEPRECATED_OBJC_IMPLEMENTATIONS = YES;
				CLANG_WARN_DIRECT_OBJC_ISA_USAGE = YES_ERROR;
				CLANG_WARN_DOCUMENTATION_COMMENTS = YES;
				CLANG_WARN_EMPTY_BODY = YES;
				CLANG_WARN_ENUM_CONVERSION = YES;
				CLANG_WARN_INFINITE_RECURSION = YES;
				CLANG_WARN_INT_CONVERSION = YES;
				CLANG_WARN_NON_LITERAL_NULL_CONVERSION = YES;
				CLANG_WARN_OBJC_IMPLICIT_RETAIN_SELF = YES;
				CLANG_WARN_OBJC_LITERAL_CONVERSION = YES;
				CLANG_WARN_OBJC_ROOT_CLASS = YES_ERROR;
				CLANG_WARN_RANGE_LOOP_ANALYSIS = YES;
				CLANG_WARN_STRICT_PROTOTYPES = YES;
				CLANG_WARN_SUSPICIOUS_MOVE = YES;
				CLANG_WARN_UNGUARDED_AVAILABILITY = YES_AGGRESSIVE;
				CLANG_WARN_UNREACHABLE_CODE = YES;
				CLANG_WARN__DUPLICATE_METHOD_MATCH = YES;
				COPY_PHASE_STRIP = NO;
				DEBUG_INFORMATION_FORMAT = "dwarf-with-dsym";
				ENABLE_NS_ASSERTIONS = NO;
				ENABLE_STRICT_OBJC_MSGSEND = YES;
				GCC_C_LANGUAGE_STANDARD = gnu11;
				GCC_NO_COMMON_BLOCKS = YES;
				GCC_WARN_64_TO_32_BIT_CONVERSION = YES;
				GCC_WARN_ABOUT_RETURN_TYPE = YES_ERROR;
				GCC_WARN_UNDECLARED_SELECTOR = YES;
				GCC_WARN_UNINITIALIZED_AUTOS = YES_AGGRESSIVE;
				GCC_WARN_UNUSED_FUNCTION = YES;
				GCC_WARN_UNUSED_VARIABLE = YES;
				IPHONEOS_DEPLOYMENT_TARGET = 13.1;
				MTL_ENABLE_DEBUG_INFO = NO;
				MTL_FAST_MATH = YES;
				SDKROOT = iphoneos;
				SWIFT_COMPILATION_MODE = wholemodule;
				SWIFT_OPTIMIZATION_LEVEL = "-O";
				VALIDATE_PRODUCT = YES;
			};
			name = Release;
		};
		57E966C42350F5E700DF32E8 /* Debug */ = {
			isa = XCBuildConfiguration;
			buildSettings = {
				ASSETCATALOG_COMPILER_APPICON_NAME = AppIcon;
				CODE_SIGN_STYLE = Automatic;
				DEVELOPMENT_ASSET_PATHS = "\"Calculato/Preview Content\"";
				DEVELOPMENT_TEAM = BXD5262846;
				ENABLE_PREVIEWS = YES;
				INFOPLIST_FILE = Calculato/Info.plist;
				LD_RUNPATH_SEARCH_PATHS = (
					"$(inherited)",
					"@executable_path/Frameworks",
				);
				PRODUCT_BUNDLE_IDENTIFIER = com.codingblocks.Calculato;
				PRODUCT_NAME = Calculator;
				SWIFT_VERSION = 5.0;
				TARGETED_DEVICE_FAMILY = "1,2";
			};
			name = Debug;
		};
		57E966C52350F5E700DF32E8 /* Release */ = {
			isa = XCBuildConfiguration;
			buildSettings = {
				ASSETCATALOG_COMPILER_APPICON_NAME = AppIcon;
				CODE_SIGN_STYLE = Automatic;
				DEVELOPMENT_ASSET_PATHS = "\"Calculato/Preview Content\"";
				DEVELOPMENT_TEAM = BXD5262846;
				ENABLE_PREVIEWS = YES;
				INFOPLIST_FILE = Calculato/Info.plist;
				LD_RUNPATH_SEARCH_PATHS = (
					"$(inherited)",
					"@executable_path/Frameworks",
				);
				PRODUCT_BUNDLE_IDENTIFIER = com.codingblocks.Calculato;
				PRODUCT_NAME = Calculator;
				SWIFT_VERSION = 5.0;
				TARGETED_DEVICE_FAMILY = "1,2";
			};
			name = Release;
		};
		57E966C72350F5E700DF32E8 /* Debug */ = {
			isa = XCBuildConfiguration;
			buildSettings = {
				ALWAYS_EMBED_SWIFT_STANDARD_LIBRARIES = YES;
				BUNDLE_LOADER = "$(TEST_HOST)";
				CODE_SIGN_STYLE = Automatic;
				DEVELOPMENT_TEAM = BXD5262846;
				INFOPLIST_FILE = CalculatoTests/Info.plist;
				IPHONEOS_DEPLOYMENT_TARGET = 13.1;
				LD_RUNPATH_SEARCH_PATHS = (
					"$(inherited)",
					"@executable_path/Frameworks",
					"@loader_path/Frameworks",
				);
				PRODUCT_BUNDLE_IDENTIFIER = com.codingblocks.CalculatoTests;
				PRODUCT_NAME = "$(TARGET_NAME)";
				SWIFT_VERSION = 5.0;
				TARGETED_DEVICE_FAMILY = "1,2";
				TEST_HOST = "$(BUILT_PRODUCTS_DIR)/Calculato.app/Calculato";
			};
			name = Debug;
		};
		57E966C82350F5E700DF32E8 /* Release */ = {
			isa = XCBuildConfiguration;
			buildSettings = {
				ALWAYS_EMBED_SWIFT_STANDARD_LIBRARIES = YES;
				BUNDLE_LOADER = "$(TEST_HOST)";
				CODE_SIGN_STYLE = Automatic;
				DEVELOPMENT_TEAM = BXD5262846;
				INFOPLIST_FILE = CalculatoTests/Info.plist;
				IPHONEOS_DEPLOYMENT_TARGET = 13.1;
				LD_RUNPATH_SEARCH_PATHS = (
					"$(inherited)",
					"@executable_path/Frameworks",
					"@loader_path/Frameworks",
				);
				PRODUCT_BUNDLE_IDENTIFIER = com.codingblocks.CalculatoTests;
				PRODUCT_NAME = "$(TARGET_NAME)";
				SWIFT_VERSION = 5.0;
				TARGETED_DEVICE_FAMILY = "1,2";
				TEST_HOST = "$(BUILT_PRODUCTS_DIR)/Calculato.app/Calculato";
			};
			name = Release;
		};
		57E966CA2350F5E700DF32E8 /* Debug */ = {
			isa = XCBuildConfiguration;
			buildSettings = {
				ALWAYS_EMBED_SWIFT_STANDARD_LIBRARIES = YES;
				CODE_SIGN_STYLE = Automatic;
				DEVELOPMENT_TEAM = BXD5262846;
				INFOPLIST_FILE = CalculatoUITests/Info.plist;
				LD_RUNPATH_SEARCH_PATHS = (
					"$(inherited)",
					"@executable_path/Frameworks",
					"@loader_path/Frameworks",
				);
				PRODUCT_BUNDLE_IDENTIFIER = com.codingblocks.CalculatoUITests;
				PRODUCT_NAME = "$(TARGET_NAME)";
				SWIFT_VERSION = 5.0;
				TARGETED_DEVICE_FAMILY = "1,2";
				TEST_TARGET_NAME = Calculato;
			};
			name = Debug;
		};
		57E966CB2350F5E700DF32E8 /* Release */ = {
			isa = XCBuildConfiguration;
			buildSettings = {
				ALWAYS_EMBED_SWIFT_STANDARD_LIBRARIES = YES;
				CODE_SIGN_STYLE = Automatic;
				DEVELOPMENT_TEAM = BXD5262846;
				INFOPLIST_FILE = CalculatoUITests/Info.plist;
				LD_RUNPATH_SEARCH_PATHS = (
					"$(inherited)",
					"@executable_path/Frameworks",
					"@loader_path/Frameworks",
				);
				PRODUCT_BUNDLE_IDENTIFIER = com.codingblocks.CalculatoUITests;
				PRODUCT_NAME = "$(TARGET_NAME)";
				SWIFT_VERSION = 5.0;
				TARGETED_DEVICE_FAMILY = "1,2";
				TEST_TARGET_NAME = Calculato;
			};
			name = Release;
		};
/* End XCBuildConfiguration section */

/* Begin XCConfigurationList section */
		57E966912350F5E400DF32E8 /* Build configuration list for PBXProject "Calculato" */ = {
			isa = XCConfigurationList;
			buildConfigurations = (
				57E966C12350F5E700DF32E8 /* Debug */,
				57E966C22350F5E700DF32E8 /* Release */,
			);
			defaultConfigurationIsVisible = 0;
			defaultConfigurationName = Release;
		};
		57E966C32350F5E700DF32E8 /* Build configuration list for PBXNativeTarget "Calculato" */ = {
			isa = XCConfigurationList;
			buildConfigurations = (
				57E966C42350F5E700DF32E8 /* Debug */,
				57E966C52350F5E700DF32E8 /* Release */,
			);
			defaultConfigurationIsVisible = 0;
			defaultConfigurationName = Release;
		};
		57E966C62350F5E700DF32E8 /* Build configuration list for PBXNativeTarget "CalculatoTests" */ = {
			isa = XCConfigurationList;
			buildConfigurations = (
				57E966C72350F5E700DF32E8 /* Debug */,
				57E966C82350F5E700DF32E8 /* Release */,
			);
			defaultConfigurationIsVisible = 0;
			defaultConfigurationName = Release;
		};
		57E966C92350F5E700DF32E8 /* Build configuration list for PBXNativeTarget "CalculatoUITests" */ = {
			isa = XCConfigurationList;
			buildConfigurations = (
				57E966CA2350F5E700DF32E8 /* Debug */,
				57E966CB2350F5E700DF32E8 /* Release */,
			);
			defaultConfigurationIsVisible = 0;
			defaultConfigurationName = Release;
		};
/* End XCConfigurationList section */

/* Begin XCVersionGroup section */
		57E9669D2350F5E400DF32E8 /* Calculato.xcdatamodeld */ = {
			isa = XCVersionGroup;
			children = (
				57E9669E2350F5E400DF32E8 /* Calculato.xcdatamodel */,
			);
			currentVersion = 57E9669E2350F5E400DF32E8 /* Calculato.xcdatamodel */;
			path = Calculato.xcdatamodeld;
			sourceTree = "<group>";
			versionGroupType = wrapper.xcdatamodel;
		};
/* End XCVersionGroup section */
	};
	rootObject = 57E9668E2350F5E400DF32E8 /* Project object */;
}
